# This file is automatically @generated by Cargo.
# It is not intended for manual editing.
version = 3

[[package]]
name = "day_four"
version = "0.1.0"
dependencies = [
 "my_crate",
]

[[package]]
name = "my_crate"
version = "0.1.0"
source = "registry+https://github.com/rust-lang/crates.io-index"
checksum = "aba5b6617a0b160a2750a933f5e51685823cd17d32ced1caffd64ca6b5f5c84f"
